
Microsoft Visual Studio Solution File, Format Version 12.00
# Visual Studio Version 16
VisualStudioVersion = 16.0.32407.337
MinimumVisualStudioVersion = 10.0.40219.1
Project("{FAE04EC0-301F-11D3-BF4B-00C04F79EFBC}") = "WidyaRevin_MidExam_Hotel", "WidyaRevin_MidExam_Hotel\WidyaRevin_MidExam_Hotel.csproj", "{702E4480-C015-47B0-B620-6451B8E6686C}"
EndProject
Global
	GlobalSection(SolutionConfigurationPlatforms) = preSolution
		Debug|Any CPU = Debug|Any CPU
		Release|Any CPU = Release|Any CPU
	EndGlobalSection
	GlobalSection(ProjectConfigurationPlatforms) = postSolution
		{702E4480-C015-47B0-B620-6451B8E6686C}.Debug|Any CPU.ActiveCfg = Debug|Any CPU
		{702E4480-C015-47B0-B620-6451B8E6686C}.Debug|Any CPU.Build.0 = Debug|Any CPU
		{702E4480-C015-47B0-B620-6451B8E6686C}.Release|Any CPU.ActiveCfg = Release|Any CPU
		{702E4480-C015-47B0-B620-6451B8E6686C}.Release|Any CPU.Build.0 = Release|Any CPU
	EndGlobalSection
	GlobalSection(SolutionProperties) = preSolution
		HideSolutionNode = FALSE
	EndGlobalSection
	GlobalSection(ExtensibilityGlobals) = postSolution
		SolutionGuid = {FD6FD561-A5F7-4C38-A173-4C3F6E7C5339}
	EndGlobalSection
EndGlobal
